
Microsoft Visual Studio Solution File, Format Version 12.00
# Visual Studio Version 17
VisualStudioVersion = 17.10.35201.131
MinimumVisualStudioVersion = 10.0.40219.1
Project("{FAE04EC0-301F-11D3-BF4B-00C04F79EFBC}") = "E-Randevu", "E-Randevu\E-Randevu.csproj", "{4966E32E-F16B-40B3-AB74-F7FAED432370}"
EndProject
Global
	GlobalSection(SolutionConfigurationPlatforms) = preSolution
		Debug|Any CPU = Debug|Any CPU
		Release|Any CPU = Release|Any CPU
	EndGlobalSection
	GlobalSection(ProjectConfigurationPlatforms) = postSolution
		{4966E32E-F16B-40B3-AB74-F7FAED432370}.Debug|Any CPU.ActiveCfg = Debug|Any CPU
		{4966E32E-F16B-40B3-AB74-F7FAED432370}.Debug|Any CPU.Build.0 = Debug|Any CPU
		{4966E32E-F16B-40B3-AB74-F7FAED432370}.Release|Any CPU.ActiveCfg = Release|Any CPU
		{4966E32E-F16B-40B3-AB74-F7FAED432370}.Release|Any CPU.Build.0 = Release|Any CPU
	EndGlobalSection
	GlobalSection(SolutionProperties) = preSolution
		HideSolutionNode = FALSE
	EndGlobalSection
	GlobalSection(ExtensibilityGlobals) = postSolution
		SolutionGuid = {FEB2C46B-522F-476E-BD48-4B5355040D26}
	EndGlobalSection
EndGlobal
